
Microsoft Visual Studio Solution File, Format Version 12.00
# Visual Studio Version 16
VisualStudioVersion = 16.0.31515.178
MinimumVisualStudioVersion = 10.0.40219.1
Project("{FAE04EC0-301F-11D3-BF4B-00C04F79EFBC}") = "VotingEligibleCode", "VotingEligibleCode\VotingEligibleCode.csproj", "{998EB8F5-40BA-4761-8C6E-3728D0C7ADCA}"
EndProject
Global
	GlobalSection(SolutionConfigurationPlatforms) = preSolution
		Debug|Any CPU = Debug|Any CPU
		Release|Any CPU = Release|Any CPU
	EndGlobalSection
	GlobalSection(ProjectConfigurationPlatforms) = postSolution
		{998EB8F5-40BA-4761-8C6E-3728D0C7ADCA}.Debug|Any CPU.ActiveCfg = Debug|Any CPU
		{998EB8F5-40BA-4761-8C6E-3728D0C7ADCA}.Debug|Any CPU.Build.0 = Debug|Any CPU
		{998EB8F5-40BA-4761-8C6E-3728D0C7ADCA}.Release|Any CPU.ActiveCfg = Release|Any CPU
		{998EB8F5-40BA-4761-8C6E-3728D0C7ADCA}.Release|Any CPU.Build.0 = Release|Any CPU
	EndGlobalSection
	GlobalSection(SolutionProperties) = preSolution
		HideSolutionNode = FALSE
	EndGlobalSection
	GlobalSection(ExtensibilityGlobals) = postSolution
		SolutionGuid = {6D70A499-D52C-4C57-AA5D-5CE20AC552E7}
	EndGlobalSection
EndGlobal
